<?xml version="1.0" encoding="utf-8"?>
<Project ToolsVersion="4.0" xmlns="http://schemas.microsoft.com/developer/msbuild/2003">
  <ItemGroup>
    <ClCompile Include="bwt.cpp" />
    <ClCompile Include="..\core\pch.cpp">
      <Filter>core</Filter>
    </ClCompile>
  </ItemGroup>
  <ItemGroup>
    <Filter Include="core">
      <UniqueIdentifier>{d0982f1d-e25f-4bc8-9684-4da36ad0d916}</UniqueIdentifier>
    </Filter>
    <Filter Include="bwt">
      <UniqueIdentifier>{b7f27d36-65ad-44b7-b61b-0099919e8bd8}</UniqueIdentifier>
    </Filter>
  </ItemGroup>
  <ItemGroup>
    <ClInclude Include="..\core\noncopyable.hpp">
      <Filter>core</Filter>
    </ClInclude>
    <ClInclude Include="..\core\pch.hpp">
      <Filter>core</Filter>
    </ClInclude>
    <ClInclude Include="bwt.hpp">
      <Filter>bwt</Filter>
    </ClInclude>
  </ItemGroup>
</Project>