<?xml version="1.0" encoding="utf-8"?>
<Project ToolsVersion="4.0" xmlns="http://schemas.microsoft.com/developer/msbuild/2003">
  <ItemGroup>
    <ClCompile Include="arithmetic.cpp" />
    <ClCompile Include="..\core\pch.cpp">
      <Filter>core</Filter>
    </ClCompile>
    <ClCompile Include="..\libs\precision\precisioncore.cpp">
      <Filter>algorithms\precision</Filter>
    </ClCompile>
  </ItemGroup>
  <ItemGroup>
    <Filter Include="core">
      <UniqueIdentifier>{13462774-f461-464d-8137-4f5df73e21e2}</UniqueIdentifier>
    </Filter>
    <Filter Include="arithmetic">
      <UniqueIdentifier>{4998117b-a3e4-42cd-914d-37f24763a460}</UniqueIdentifier>
    </Filter>
    <Filter Include="streams">
      <UniqueIdentifier>{a2ed5f5c-e1c9-41c8-b548-60b183d930a4}</UniqueIdentifier>
    </Filter>
    <Filter Include="algorithms">
      <UniqueIdentifier>{b8305e58-aeef-4205-a890-156a83ebb657}</UniqueIdentifier>
    </Filter>
    <Filter Include="algorithms\permutation">
      <UniqueIdentifier>{4cbc6c6a-5302-461b-9dac-74fd544d5be2}</UniqueIdentifier>
    </Filter>
    <Filter Include="algorithms\precision">
      <UniqueIdentifier>{2efb95c6-9f13-4362-9606-327e88b2abc4}</UniqueIdentifier>
    </Filter>
    <Filter Include="algorithms\codes">
      <UniqueIdentifier>{5b4c58b2-070a-44b7-bd35-dcd748bbd8ef}</UniqueIdentifier>
    </Filter>
  </ItemGroup>
  <ItemGroup>
    <ClInclude Include="..\core\pch.hpp">
      <Filter>core</Filter>
    </ClInclude>
    <ClInclude Include="..\core\noncopyable.hpp">
      <Filter>core</Filter>
    </ClInclude>
    <ClInclude Include="..\streams\stream.hpp">
      <Filter>streams</Filter>
    </ClInclude>
    <ClInclude Include="..\streams\io_stream.hpp">
      <Filter>streams</Filter>
    </ClInclude>
    <ClInclude Include="..\streams\output_byte_stream.hpp">
      <Filter>streams</Filter>
    </ClInclude>
    <ClInclude Include="..\streams\input_byte_stream.hpp">
      <Filter>streams</Filter>
    </ClInclude>
    <ClInclude Include="..\streams\input_stream.hpp">
      <Filter>streams</Filter>
    </ClInclude>
    <ClInclude Include="..\streams\output_stream.hpp">
      <Filter>streams</Filter>
    </ClInclude>
    <ClInclude Include="..\streams\input_bit_stream.hpp">
      <Filter>streams</Filter>
    </ClInclude>
    <ClInclude Include="..\streams\output_bit_stream.hpp">
      <Filter>streams</Filter>
    </ClInclude>
    <ClInclude Include="..\streams\data_provider.hpp">
      <Filter>streams</Filter>
    </ClInclude>
    <ClInclude Include="..\streams\file_data_provider.hpp">
      <Filter>streams</Filter>
    </ClInclude>
    <ClInclude Include="..\streams\input_codepoint_stream.hpp">
      <Filter>streams</Filter>
    </ClInclude>
    <ClInclude Include="..\streams\output_codepoint_stream.hpp">
      <Filter>streams</Filter>
    </ClInclude>
    <ClInclude Include="..\streams\icu_file_data_provider.hpp">
      <Filter>streams</Filter>
    </ClInclude>
    <ClInclude Include="..\streams\input_string_stream.hpp">
      <Filter>streams</Filter>
    </ClInclude>
    <ClInclude Include="..\streams\output_string_stream.hpp">
      <Filter>streams</Filter>
    </ClInclude>
    <ClInclude Include="..\arithmetic\codec.hpp">
      <Filter>arithmetic</Filter>
    </ClInclude>
    <ClInclude Include="..\arithmetic\simple_model.hpp">
      <Filter>arithmetic</Filter>
    </ClInclude>
    <ClInclude Include="..\arithmetic\model.hpp">
      <Filter>arithmetic</Filter>
    </ClInclude>
    <ClInclude Include="..\arithmetic\simple_abc.hpp">
      <Filter>arithmetic</Filter>
    </ClInclude>
    <ClInclude Include="..\arithmetic\abc.hpp">
      <Filter>arithmetic</Filter>
    </ClInclude>
    <ClInclude Include="..\arithmetic\binary_model.hpp">
      <Filter>arithmetic</Filter>
    </ClInclude>
    <ClInclude Include="..\arithmetic\binary_abc.hpp">
      <Filter>arithmetic</Filter>
    </ClInclude>
    <ClInclude Include="..\algorithms\permutation\permutation.hpp">
      <Filter>algorithms\permutation</Filter>
    </ClInclude>
    <ClInclude Include="..\algorithms\permutation\permutation_entropy.hpp">
      <Filter>algorithms\permutation</Filter>
    </ClInclude>
    <ClInclude Include="..\arithmetic\decimal_abc.hpp">
      <Filter>arithmetic</Filter>
    </ClInclude>
    <ClInclude Include="..\arithmetic\decimal_model.hpp">
      <Filter>arithmetic</Filter>
    </ClInclude>
    <ClInclude Include="..\algorithms\codes\codes.hpp">
      <Filter>algorithms\codes</Filter>
    </ClInclude>
  </ItemGroup>
</Project>